// !$*UTF8*$!
{
	archiveVersion = 1;
	classes = {
	};
	objectVersion = 46;
	objects = {

/* Begin PBXBuildFile section */
		9FA7FCFE1846E98F00A1FA9E /* Foundation.framework in Frameworks */ = {isa = PBXBuildFile; fileRef = 9FA7FCFD1846E98F00A1FA9E /* Foundation.framework */; };
		9FA7FD001846E98F00A1FA9E /* CoreGraphics.framework in Frameworks */ = {isa = PBXBuildFile; fileRef = 9FA7FCFF1846E98F00A1FA9E /* CoreGraphics.framework */; };
		9FA7FD021846E98F00A1FA9E /* UIKit.framework in Frameworks */ = {isa = PBXBuildFile; fileRef = 9FA7FD011846E98F00A1FA9E /* UIKit.framework */; };
		9FA7FD081846E98F00A1FA9E /* InfoPlist.strings in Resources */ = {isa = PBXBuildFile; fileRef = 9FA7FD061846E98F00A1FA9E /* InfoPlist.strings */; };
		9FA7FD0A1846E98F00A1FA9E /* main.m in Sources */ = {isa = PBXBuildFile; fileRef = 9FA7FD091846E98F00A1FA9E /* main.m */; };
		9FA7FD0E1846E98F00A1FA9E /* fontechAppDelegate.m in Sources */ = {isa = PBXBuildFile; fileRef = 9FA7FD0D1846E98F00A1FA9E /* fontechAppDelegate.m */; };
		9FA7FD111846E98F00A1FA9E /* Main.storyboard in Resources */ = {isa = PBXBuildFile; fileRef = 9FA7FD0F1846E98F00A1FA9E /* Main.storyboard */; };
		9FA7FD141846E98F00A1FA9E /* fontechFirstViewController.m in Sources */ = {isa = PBXBuildFile; fileRef = 9FA7FD131846E98F00A1FA9E /* fontechFirstViewController.m */; };
		9FA7FD171846E98F00A1FA9E /* fontechSecondViewController.m in Sources */ = {isa = PBXBuildFile; fileRef = 9FA7FD161846E98F00A1FA9E /* fontechSecondViewController.m */; };
		9FA7FD191846E98F00A1FA9E /* Images.xcassets in Resources */ = {isa = PBXBuildFile; fileRef = 9FA7FD181846E98F00A1FA9E /* Images.xcassets */; };
		9FA7FD201846E98F00A1FA9E /* XCTest.framework in Frameworks */ = {isa = PBXBuildFile; fileRef = 9FA7FD1F1846E98F00A1FA9E /* XCTest.framework */; };
		9FA7FD211846E98F00A1FA9E /* Foundation.framework in Frameworks */ = {isa = PBXBuildFile; fileRef = 9FA7FCFD1846E98F00A1FA9E /* Foundation.framework */; };
		9FA7FD221846E98F00A1FA9E /* UIKit.framework in Frameworks */ = {isa = PBXBuildFile; fileRef = 9FA7FD011846E98F00A1FA9E /* UIKit.framework */; };
		9FA7FD2A1846E98F00A1FA9E /* InfoPlist.strings in Resources */ = {isa = PBXBuildFile; fileRef = 9FA7FD281846E98F00A1FA9E /* InfoPlist.strings */; };
		9FA7FD2C1846E98F00A1FA9E /* amourHairTests.m in Sources */ = {isa = PBXBuildFile; fileRef = 9FA7FD2B1846E98F00A1FA9E /* amourHairTests.m */; };
		9FA7FD381846EAA600A1FA9E /* people_@2x.png in Resources */ = {isa = PBXBuildFile; fileRef = 9FA7FD351846EAA600A1FA9E /* people_@2x.png */; };
		9FA7FD391846EAA600A1FA9E /* photos_polaroid@2x.png in Resources */ = {isa = PBXBuildFile; fileRef = 9FA7FD361846EAA600A1FA9E /* photos_polaroid@2x.png */; };
		9FA7FD3A1846EAA600A1FA9E /* heart@2x.png in Resources */ = {isa = PBXBuildFile; fileRef = 9FA7FD371846EAA600A1FA9E /* heart@2x.png */; };
		9FA7FD401846EE2A00A1FA9E /* brief_case@2x.png in Resources */ = {isa = PBXBuildFile; fileRef = 9FA7FD3F1846EE2A00A1FA9E /* brief_case@2x.png */; };
		9FA7FD431846EF0400A1FA9E /* fontechProjectsViewController.m in Sources */ = {isa = PBXBuildFile; fileRef = 9FA7FD421846EF0400A1FA9E /* fontechProjectsViewController.m */; };
		9FA7FD451846F7AC00A1FA9E /* fb.png in Resources */ = {isa = PBXBuildFile; fileRef = 9FA7FD441846F7AB00A1FA9E /* fb.png */; };
		9FA7FD491846FBA000A1FA9E /* store.png in Resources */ = {isa = PBXBuildFile; fileRef = 9FA7FD481846FBA000A1FA9E /* store.png */; };
		9FA7FD4B1847057400A1FA9E /* cover.png in Resources */ = {isa = PBXBuildFile; fileRef = 9FA7FD4A1847057400A1FA9E /* cover.png */; };
		9FA7FD4D1847061400A1FA9E /* designer.png in Resources */ = {isa = PBXBuildFile; fileRef = 9FA7FD4C1847061400A1FA9E /* designer.png */; };
		9FA7FD4F18470AC100A1FA9E /* arrow.png in Resources */ = {isa = PBXBuildFile; fileRef = 9FA7FD4E18470AC100A1FA9E /* arrow.png */; };
		9FA7FD5118470B1E00A1FA9E /* hair1.png in Resources */ = {isa = PBXBuildFile; fileRef = 9FA7FD5018470B1E00A1FA9E /* hair1.png */; };
		9FA7FD5318470E4300A1FA9E /* pyramid_background.png in Resources */ = {isa = PBXBuildFile; fileRef = 9FA7FD5218470E4300A1FA9E /* pyramid_background.png */; };
/* End PBXBuildFile section */

/* Begin PBXContainerItemProxy section */
		9FA7FD231846E98F00A1FA9E /* PBXContainerItemProxy */ = {
			isa = PBXContainerItemProxy;
			containerPortal = 9FA7FCF21846E98F00A1FA9E /* Project object */;
			proxyType = 1;
			remoteGlobalIDString = 9FA7FCF91846E98F00A1FA9E;
			remoteInfo = amourHair;
		};
/* End PBXContainerItemProxy section */

/* Begin PBXFileReference section */
		9FA7FCFA1846E98F00A1FA9E /* amourHair.app */ = {isa = PBXFileReference; explicitFileType = wrapper.application; includeInIndex = 0; path = amourHair.app; sourceTree = BUILT_PRODUCTS_DIR; };
		9FA7FCFD1846E98F00A1FA9E /* Foundation.framework */ = {isa = PBXFileReference; lastKnownFileType = wrapper.framework; name = Foundation.framework; path = System/Library/Frameworks/Foundation.framework; sourceTree = SDKROOT; };
		9FA7FCFF1846E98F00A1FA9E /* CoreGraphics.framework */ = {isa = PBXFileReference; lastKnownFileType = wrapper.framework; name = CoreGraphics.framework; path = System/Library/Frameworks/CoreGraphics.framework; sourceTree = SDKROOT; };
		9FA7FD011846E98F00A1FA9E /* UIKit.framework */ = {isa = PBXFileReference; lastKnownFileType = wrapper.framework; name = UIKit.framework; path = System/Library/Frameworks/UIKit.framework; sourceTree = SDKROOT; };
		9FA7FD051846E98F00A1FA9E /* amourHair-Info.plist */ = {isa = PBXFileReference; lastKnownFileType = text.plist.xml; path = "amourHair-Info.plist"; sourceTree = "<group>"; };
		9FA7FD071846E98F00A1FA9E /* en */ = {isa = PBXFileReference; lastKnownFileType = text.plist.strings; name = en; path = en.lproj/InfoPlist.strings; sourceTree = "<group>"; };
		9FA7FD091846E98F00A1FA9E /* main.m */ = {isa = PBXFileReference; lastKnownFileType = sourcecode.c.objc; path = main.m; sourceTree = "<group>"; };
		9FA7FD0B1846E98F00A1FA9E /* amourHair-Prefix.pch */ = {isa = PBXFileReference; lastKnownFileType = sourcecode.c.h; path = "amourHair-Prefix.pch"; sourceTree = "<group>"; };
		9FA7FD0C1846E98F00A1FA9E /* fontechAppDelegate.h */ = {isa = PBXFileReference; lastKnownFileType = sourcecode.c.h; path = fontechAppDelegate.h; sourceTree = "<group>"; };
		9FA7FD0D1846E98F00A1FA9E /* fontechAppDelegate.m */ = {isa = PBXFileReference; lastKnownFileType = sourcecode.c.objc; path = fontechAppDelegate.m; sourceTree = "<group>"; };
		9FA7FD101846E98F00A1FA9E /* Base */ = {isa = PBXFileReference; lastKnownFileType = file.storyboard; name = Base; path = Base.lproj/Main.storyboard; sourceTree = "<group>"; };
		9FA7FD121846E98F00A1FA9E /* fontechFirstViewController.h */ = {isa = PBXFileReference; lastKnownFileType = sourcecode.c.h; path = fontechFirstViewController.h; sourceTree = "<group>"; };
		9FA7FD131846E98F00A1FA9E /* fontechFirstViewController.m */ = {isa = PBXFileReference; lastKnownFileType = sourcecode.c.objc; path = fontechFirstViewController.m; sourceTree = "<group>"; };
		9FA7FD151846E98F00A1FA9E /* fontechSecondViewController.h */ = {isa = PBXFileReference; lastKnownFileType = sourcecode.c.h; path = fontechSecondViewController.h; sourceTree = "<group>"; };
		9FA7FD161846E98F00A1FA9E /* fontechSecondViewController.m */ = {isa = PBXFileReference; lastKnownFileType = sourcecode.c.objc; path = fontechSecondViewController.m; sourceTree = "<group>"; };
		9FA7FD181846E98F00A1FA9E /* Images.xcassets */ = {isa = PBXFileReference; lastKnownFileType = folder.assetcatalog; path = Images.xcassets; sourceTree = "<group>"; };
		9FA7FD1E1846E98F00A1FA9E /* amourHairTests.xctest */ = {isa = PBXFileReference; explicitFileType = wrapper.cfbundle; includeInIndex = 0; path = amourHairTests.xctest; sourceTree = BUILT_PRODUCTS_DIR; };
		9FA7FD1F1846E98F00A1FA9E /* XCTest.framework */ = {isa = PBXFileReference; lastKnownFileType = wrapper.framework; name = XCTest.framework; path = Library/Frameworks/XCTest.framework; sourceTree = DEVELOPER_DIR; };
		9FA7FD271846E98F00A1FA9E /* amourHairTests-Info.plist */ = {isa = PBXFileReference; lastKnownFileType = text.plist.xml; path = "amourHairTests-Info.plist"; sourceTree = "<group>"; };
		9FA7FD291846E98F00A1FA9E /* en */ = {isa = PBXFileReference; lastKnownFileType = text.plist.strings; name = en; path = en.lproj/InfoPlist.strings; sourceTree = "<group>"; };
		9FA7FD2B1846E98F00A1FA9E /* amourHairTests.m */ = {isa = PBXFileReference; lastKnownFileType = sourcecode.c.objc; path = amourHairTests.m; sourceTree = "<group>"; };
		9FA7FD351846EAA600A1FA9E /* people_@2x.png */ = {isa = PBXFileReference; lastKnownFileType = image.png; path = "people_@2x.png"; sourceTree = "<group>"; };
		9FA7FD361846EAA600A1FA9E /* photos_polaroid@2x.png */ = {isa = PBXFileReference; lastKnownFileType = image.png; path = "photos_polaroid@2x.png"; sourceTree = "<group>"; };
		9FA7FD371846EAA600A1FA9E /* heart@2x.png */ = {isa = PBXFileReference; lastKnownFileType = image.png; path = "heart@2x.png"; sourceTree = "<group>"; };
		9FA7FD3F1846EE2A00A1FA9E /* brief_case@2x.png */ = {isa = PBXFileReference; lastKnownFileType = image.png; path = "brief_case@2x.png"; sourceTree = "<group>"; };
		9FA7FD411846EF0400A1FA9E /* fontechProjectsViewController.h */ = {isa = PBXFileReference; fileEncoding = 4; lastKnownFileType = sourcecode.c.h; name = fontechProjectsViewController.h; path = ../fontechProjectsViewController.h; sourceTree = "<group>"; };
		9FA7FD421846EF0400A1FA9E /* fontechProjectsViewController.m */ = {isa = PBXFileReference; fileEncoding = 4; lastKnownFileType = sourcecode.c.objc; name = fontechProjectsViewController.m; path = ../fontechProjectsViewController.m; sourceTree = "<group>"; };
		9FA7FD441846F7AB00A1FA9E /* fb.png */ = {isa = PBXFileReference; lastKnownFileType = image.png; path = fb.png; sourceTree = "<group>"; };
		9FA7FD481846FBA000A1FA9E /* store.png */ = {isa = PBXFileReference; lastKnownFileType = image.png; path = store.png; sourceTree = "<group>"; };
		9FA7FD4A1847057400A1FA9E /* cover.png */ = {isa = PBXFileReference; lastKnownFileType = image.png; path = cover.png; sourceTree = "<group>"; };
		9FA7FD4C1847061400A1FA9E /* designer.png */ = {isa = PBXFileReference; lastKnownFileType = image.png; path = designer.png; sourceTree = "<group>"; };
		9FA7FD4E18470AC100A1FA9E /* arrow.png */ = {isa = PBXFileReference; lastKnownFileType = image.png; path = arrow.png; sourceTree = "<group>"; };
		9FA7FD5018470B1E00A1FA9E /* hair1.png */ = {isa = PBXFileReference; lastKnownFileType = image.png; path = hair1.png; sourceTree = "<group>"; };
		9FA7FD5218470E4300A1FA9E /* pyramid_background.png */ = {isa = PBXFileReference; lastKnownFileType = image.png; path = pyramid_background.png; sourceTree = "<group>"; };
/* End PBXFileReference section */

/* Begin PBXFrameworksBuildPhase section */
		9FA7FCF71846E98F00A1FA9E /* Frameworks */ = {
			isa = PBXFrameworksBuildPhase;
			buildActionMask = 2147483647;
			files = (
				9FA7FD001846E98F00A1FA9E /* CoreGraphics.framework in Frameworks */,
				9FA7FD021846E98F00A1FA9E /* UIKit.framework in Frameworks */,
				9FA7FCFE1846E98F00A1FA9E /* Foundation.framework in Frameworks */,
			);
			runOnlyForDeploymentPostprocessing = 0;
		};
		9FA7FD1B1846E98F00A1FA9E /* Frameworks */ = {
			isa = PBXFrameworksBuildPhase;
			buildActionMask = 2147483647;
			files = (
				9FA7FD201846E98F00A1FA9E /* XCTest.framework in Frameworks */,
				9FA7FD221846E98F00A1FA9E /* UIKit.framework in Frameworks */,
				9FA7FD211846E98F00A1FA9E /* Foundation.framework in Frameworks */,
			);
			runOnlyForDeploymentPostprocessing = 0;
		};
/* End PBXFrameworksBuildPhase section */

/* Begin PBXGroup section */
		9FA7FCF11846E98F00A1FA9E = {
			isa = PBXGroup;
			children = (
				9FA7FD3B1846EAAA00A1FA9E /* images */,
				9FA7FD031846E98F00A1FA9E /* amourHair */,
				9FA7FD251846E98F00A1FA9E /* amourHairTests */,
				9FA7FCFC1846E98F00A1FA9E /* Frameworks */,
				9FA7FCFB1846E98F00A1FA9E /* Products */,
			);
			sourceTree = "<group>";
		};
		9FA7FCFB1846E98F00A1FA9E /* Products */ = {
			isa = PBXGroup;
			children = (
				9FA7FCFA1846E98F00A1FA9E /* amourHair.app */,
				9FA7FD1E1846E98F00A1FA9E /* amourHairTests.xctest */,
			);
			name = Products;
			sourceTree = "<group>";
		};
		9FA7FCFC1846E98F00A1FA9E /* Frameworks */ = {
			isa = PBXGroup;
			children = (
				9FA7FCFD1846E98F00A1FA9E /* Foundation.framework */,
				9FA7FCFF1846E98F00A1FA9E /* CoreGraphics.framework */,
				9FA7FD011846E98F00A1FA9E /* UIKit.framework */,
				9FA7FD1F1846E98F00A1FA9E /* XCTest.framework */,
			);
			name = Frameworks;
			sourceTree = "<group>";
		};
		9FA7FD031846E98F00A1FA9E /* amourHair */ = {
			isa = PBXGroup;
			children = (
				9FA7FD411846EF0400A1FA9E /* fontechProjectsViewController.h */,
				9FA7FD421846EF0400A1FA9E /* fontechProjectsViewController.m */,
				9FA7FD0C1846E98F00A1FA9E /* fontechAppDelegate.h */,
				9FA7FD0D1846E98F00A1FA9E /* fontechAppDelegate.m */,
				9FA7FD0F1846E98F00A1FA9E /* Main.storyboard */,
				9FA7FD121846E98F00A1FA9E /* fontechFirstViewController.h */,
				9FA7FD131846E98F00A1FA9E /* fontechFirstViewController.m */,
				9FA7FD151846E98F00A1FA9E /* fontechSecondViewController.h */,
				9FA7FD161846E98F00A1FA9E /* fontechSecondViewController.m */,
				9FA7FD181846E98F00A1FA9E /* Images.xcassets */,
				9FA7FD041846E98F00A1FA9E /* Supporting Files */,
			);
			path = amourHair;
			sourceTree = "<group>";
		};
		9FA7FD041846E98F00A1FA9E /* Supporting Files */ = {
			isa = PBXGroup;
			children = (
				9FA7FD051846E98F00A1FA9E /* amourHair-Info.plist */,
				9FA7FD061846E98F00A1FA9E /* InfoPlist.strings */,
				9FA7FD091846E98F00A1FA9E /* main.m */,
				9FA7FD0B1846E98F00A1FA9E /* amourHair-Prefix.pch */,
			);
			name = "Supporting Files";
			sourceTree = "<group>";
		};
		9FA7FD251846E98F00A1FA9E /* amourHairTests */ = {
			isa = PBXGroup;
			children = (
				9FA7FD2B1846E98F00A1FA9E /* amourHairTests.m */,
				9FA7FD261846E98F00A1FA9E /* Supporting Files */,
			);
			path = amourHairTests;
			sourceTree = "<group>";
		};
		9FA7FD261846E98F00A1FA9E /* Supporting Files */ = {
			isa = PBXGroup;
			children = (
				9FA7FD271846E98F00A1FA9E /* amourHairTests-Info.plist */,
				9FA7FD281846E98F00A1FA9E /* InfoPlist.strings */,
			);
			name = "Supporting Files";
			sourceTree = "<group>";
		};
		9FA7FD3B1846EAAA00A1FA9E /* images */ = {
			isa = PBXGroup;
			children = (
				9FA7FD5218470E4300A1FA9E /* pyramid_background.png */,
				9FA7FD441846F7AB00A1FA9E /* fb.png */,
				9FA7FD351846EAA600A1FA9E /* people_@2x.png */,
				9FA7FD3F1846EE2A00A1FA9E /* brief_case@2x.png */,
				9FA7FD361846EAA600A1FA9E /* photos_polaroid@2x.png */,
				9FA7FD371846EAA600A1FA9E /* heart@2x.png */,
				9FA7FD481846FBA000A1FA9E /* store.png */,
				9FA7FD4A1847057400A1FA9E /* cover.png */,
				9FA7FD4C1847061400A1FA9E /* designer.png */,
				9FA7FD4E18470AC100A1FA9E /* arrow.png */,
				9FA7FD5018470B1E00A1FA9E /* hair1.png */,
			);
			name = images;
			sourceTree = "<group>";
		};
/* End PBXGroup section */

/* Begin PBXNativeTarget section */
		9FA7FCF91846E98F00A1FA9E /* amourHair */ = {
			isa = PBXNativeTarget;
			buildConfigurationList = 9FA7FD2F1846E98F00A1FA9E /* Build configuration list for PBXNativeTarget "amourHair" */;
			buildPhases = (
				9FA7FCF61846E98F00A1FA9E /* Sources */,
				9FA7FCF71846E98F00A1FA9E /* Frameworks */,
				9FA7FCF81846E98F00A1FA9E /* Resources */,
			);
			buildRules = (
			);
			dependencies = (
			);
			name = amourHair;
			productName = amourHair;
			productReference = 9FA7FCFA1846E98F00A1FA9E /* amourHair.app */;
			productType = "com.apple.product-type.application";
		};
		9FA7FD1D1846E98F00A1FA9E /* amourHairTests */ = {
			isa = PBXNativeTarget;
			buildConfigurationList = 9FA7FD321846E98F00A1FA9E /* Build configuration list for PBXNativeTarget "amourHairTests" */;
			buildPhases = (
				9FA7FD1A1846E98F00A1FA9E /* Sources */,
				9FA7FD1B1846E98F00A1FA9E /* Frameworks */,
				9FA7FD1C1846E98F00A1FA9E /* Resources */,
			);
			buildRules = (
			);
			dependencies = (
				9FA7FD241846E98F00A1FA9E /* PBXTargetDependency */,
			);
			name = amourHairTests;
			productName = amourHairTests;
			productReference = 9FA7FD1E1846E98F00A1FA9E /* amourHairTests.xctest */;
			productType = "com.apple.product-type.bundle.unit-test";
		};
/* End PBXNativeTarget section */

/* Begin PBXProject section */
		9FA7FCF21846E98F00A1FA9E /* Project object */ = {
			isa = PBXProject;
			attributes = {
				CLASSPREFIX = fontech;
				LastUpgradeCheck = 0500;
				ORGANIZATIONNAME = "Robert Huang";
				TargetAttributes = {
					9FA7FD1D1846E98F00A1FA9E = {
						TestTargetID = 9FA7FCF91846E98F00A1FA9E;
					};
				};
			};
			buildConfigurationList = 9FA7FCF51846E98F00A1FA9E /* Build configuration list for PBXProject "amourHair" */;
			compatibilityVersion = "Xcode 3.2";
			developmentRegion = English;
			hasScannedForEncodings = 0;
			knownRegions = (
				en,
				Base,
			);
			mainGroup = 9FA7FCF11846E98F00A1FA9E;
			productRefGroup = 9FA7FCFB1846E98F00A1FA9E /* Products */;
			projectDirPath = "";
			projectRoot = "";
			targets = (
				9FA7FCF91846E98F00A1FA9E /* amourHair */,
				9FA7FD1D1846E98F00A1FA9E /* amourHairTests */,
			);
		};
/* End PBXProject section */

/* Begin PBXResourcesBuildPhase section */
		9FA7FCF81846E98F00A1FA9E /* Resources */ = {
			isa = PBXResourcesBuildPhase;
			buildActionMask = 2147483647;
			files = (
				9FA7FD191846E98F00A1FA9E /* Images.xcassets in Resources */,
				9FA7FD4D1847061400A1FA9E /* designer.png in Resources */,
				9FA7FD491846FBA000A1FA9E /* store.png in Resources */,
				9FA7FD451846F7AC00A1FA9E /* fb.png in Resources */,
				9FA7FD391846EAA600A1FA9E /* photos_polaroid@2x.png in Resources */,
				9FA7FD081846E98F00A1FA9E /* InfoPlist.strings in Resources */,
				9FA7FD5318470E4300A1FA9E /* pyramid_background.png in Resources */,
				9FA7FD3A1846EAA600A1FA9E /* heart@2x.png in Resources */,
				9FA7FD5118470B1E00A1FA9E /* hair1.png in Resources */,
				9FA7FD4F18470AC100A1FA9E /* arrow.png in Resources */,
				9FA7FD401846EE2A00A1FA9E /* brief_case@2x.png in Resources */,
				9FA7FD4B1847057400A1FA9E /* cover.png in Resources */,
				9FA7FD111846E98F00A1FA9E /* Main.storyboard in Resources */,
				9FA7FD381846EAA600A1FA9E /* people_@2x.png in Resources */,
			);
			runOnlyForDeploymentPostprocessing = 0;
		};
		9FA7FD1C1846E98F00A1FA9E /* Resources */ = {
			isa = PBXResourcesBuildPhase;
			buildActionMask = 2147483647;
			files = (
				9FA7FD2A1846E98F00A1FA9E /* InfoPlist.strings in Resources */,
			);
			runOnlyForDeploymentPostprocessing = 0;
		};
/* End PBXResourcesBuildPhase section */

/* Begin PBXSourcesBuildPhase section */
		9FA7FCF61846E98F00A1FA9E /* Sources */ = {
			isa = PBXSourcesBuildPhase;
			buildActionMask = 2147483647;
			files = (
				9FA7FD431846EF0400A1FA9E /* fontechProjectsViewController.m in Sources */,
				9FA7FD141846E98F00A1FA9E /* fontechFirstViewController.m in Sources */,
				9FA7FD0E1846E98F00A1FA9E /* fontechAppDelegate.m in Sources */,
				9FA7FD171846E98F00A1FA9E /* fontechSecondViewController.m in Sources */,
				9FA7FD0A1846E98F00A1FA9E /* main.m in Sources */,
			);
			runOnlyForDeploymentPostprocessing = 0;
		};
		9FA7FD1A1846E98F00A1FA9E /* Sources */ = {
			isa = PBXSourcesBuildPhase;
			buildActionMask = 2147483647;
			files = (
				9FA7FD2C1846E98F00A1FA9E /* amourHairTests.m in Sources */,
			);
			runOnlyForDeploymentPostprocessing = 0;
		};
/* End PBXSourcesBuildPhase section */

/* Begin PBXTargetDependency section */
		9FA7FD241846E98F00A1FA9E /* PBXTargetDependency */ = {
			isa = PBXTargetDependency;
			target = 9FA7FCF91846E98F00A1FA9E /* amourHair */;
			targetProxy = 9FA7FD231846E98F00A1FA9E /* PBXContainerItemProxy */;
		};
/* End PBXTargetDependency section */

/* Begin PBXVariantGroup section */
		9FA7FD061846E98F00A1FA9E /* InfoPlist.strings */ = {
			isa = PBXVariantGroup;
			children = (
				9FA7FD071846E98F00A1FA9E /* en */,
			);
			name = InfoPlist.strings;
			sourceTree = "<group>";
		};
		9FA7FD0F1846E98F00A1FA9E /* Main.storyboard */ = {
			isa = PBXVariantGroup;
			children = (
				9FA7FD101846E98F00A1FA9E /* Base */,
			);
			name = Main.storyboard;
			sourceTree = "<group>";
		};
		9FA7FD281846E98F00A1FA9E /* InfoPlist.strings */ = {
			isa = PBXVariantGroup;
			children = (
				9FA7FD291846E98F00A1FA9E /* en */,
			);
			name = InfoPlist.strings;
			sourceTree = "<group>";
		};
/* End PBXVariantGroup section */

/* Begin XCBuildConfiguration section */
		9FA7FD2D1846E98F00A1FA9E /* Debug */ = {
			isa = XCBuildConfiguration;
			buildSettings = {
				ALWAYS_SEARCH_USER_PATHS = NO;
				ARCHS = "$(ARCHS_STANDARD_INCLUDING_64_BIT)";
				CLANG_CXX_LANGUAGE_STANDARD = "gnu++0x";
				CLANG_CXX_LIBRARY = "libc++";
				CLANG_ENABLE_MODULES = YES;
				CLANG_ENABLE_OBJC_ARC = YES;
				CLANG_WARN_BOOL_CONVERSION = YES;
				CLANG_WARN_CONSTANT_CONVERSION = YES;
				CLANG_WARN_DIRECT_OBJC_ISA_USAGE = YES_ERROR;
				CLANG_WARN_EMPTY_BODY = YES;
				CLANG_WARN_ENUM_CONVERSION = YES;
				CLANG_WARN_INT_CONVERSION = YES;
				CLANG_WARN_OBJC_ROOT_CLASS = YES_ERROR;
				CLANG_WARN__DUPLICATE_METHOD_MATCH = YES;
				"CODE_SIGN_IDENTITY[sdk=iphoneos*]" = "iPhone Developer";
				COPY_PHASE_STRIP = NO;
				GCC_C_LANGUAGE_STANDARD = gnu99;
				GCC_DYNAMIC_NO_PIC = NO;
				GCC_OPTIMIZATION_LEVEL = 0;
				GCC_PREPROCESSOR_DEFINITIONS = (
					"DEBUG=1",
					"$(inherited)",
				);
				GCC_SYMBOLS_PRIVATE_EXTERN = NO;
				GCC_WARN_64_TO_32_BIT_CONVERSION = YES;
				GCC_WARN_ABOUT_RETURN_TYPE = YES_ERROR;
				GCC_WARN_UNDECLARED_SELECTOR = YES;
				GCC_WARN_UNINITIALIZED_AUTOS = YES;
				GCC_WARN_UNUSED_FUNCTION = YES;
				GCC_WARN_UNUSED_VARIABLE = YES;
				IPHONEOS_DEPLOYMENT_TARGET = 7.0;
				ONLY_ACTIVE_ARCH = YES;
				SDKROOT = iphoneos;
			};
			name = Debug;
		};
		9FA7FD2E1846E98F00A1FA9E /* Release */ = {
			isa = XCBuildConfiguration;
			buildSettings = {
				ALWAYS_SEARCH_USER_PATHS = NO;
				ARCHS = "$(ARCHS_STANDARD_INCLUDING_64_BIT)";
				CLANG_CXX_LANGUAGE_STANDARD = "gnu++0x";
				CLANG_CXX_LIBRARY = "libc++";
				CLANG_ENABLE_MODULES = YES;
				CLANG_ENABLE_OBJC_ARC = YES;
				CLANG_WARN_BOOL_CONVERSION = YES;
				CLANG_WARN_CONSTANT_CONVERSION = YES;
				CLANG_WARN_DIRECT_OBJC_ISA_USAGE = YES_ERROR;
				CLANG_WARN_EMPTY_BODY = YES;
				CLANG_WARN_ENUM_CONVERSION = YES;
				CLANG_WARN_INT_CONVERSION = YES;
				CLANG_WARN_OBJC_ROOT_CLASS = YES_ERROR;
				CLANG_WARN__DUPLICATE_METHOD_MATCH = YES;
				"CODE_SIGN_IDENTITY[sdk=iphoneos*]" = "iPhone Developer";
				COPY_PHASE_STRIP = YES;
				ENABLE_NS_ASSERTIONS = NO;
				GCC_C_LANGUAGE_STANDARD = gnu99;
				GCC_WARN_64_TO_32_BIT_CONVERSION = YES;
				GCC_WARN_ABOUT_RETURN_TYPE = YES_ERROR;
				GCC_WARN_UNDECLARED_SELECTOR = YES;
				GCC_WARN_UNINITIALIZED_AUTOS = YES;
				GCC_WARN_UNUSED_FUNCTION = YES;
				GCC_WARN_UNUSED_VARIABLE = YES;
				IPHONEOS_DEPLOYMENT_TARGET = 7.0;
				SDKROOT = iphoneos;
				VALIDATE_PRODUCT = YES;
			};
			name = Release;
		};
		9FA7FD301846E98F00A1FA9E /* Debug */ = {
			isa = XCBuildConfiguration;
			buildSettings = {
				ASSETCATALOG_COMPILER_APPICON_NAME = AppIcon;
				ASSETCATALOG_COMPILER_LAUNCHIMAGE_NAME = LaunchImage;
				GCC_PRECOMPILE_PREFIX_HEADER = YES;
				GCC_PREFIX_HEADER = "amourHair/amourHair-Prefix.pch";
				INFOPLIST_FILE = "amourHair/amourHair-Info.plist";
				PRODUCT_NAME = "$(TARGET_NAME)";
				WRAPPER_EXTENSION = app;
			};
			name = Debug;
		};
		9FA7FD311846E98F00A1FA9E /* Release */ = {
			isa = XCBuildConfiguration;
			buildSettings = {
				ASSETCATALOG_COMPILER_APPICON_NAME = AppIcon;
				ASSETCATALOG_COMPILER_LAUNCHIMAGE_NAME = LaunchImage;
				GCC_PRECOMPILE_PREFIX_HEADER = YES;
				GCC_PREFIX_HEADER = "amourHair/amourHair-Prefix.pch";
				INFOPLIST_FILE = "amourHair/amourHair-Info.plist";
				PRODUCT_NAME = "$(TARGET_NAME)";
				WRAPPER_EXTENSION = app;
			};
			name = Release;
		};
		9FA7FD331846E98F00A1FA9E /* Debug */ = {
			isa = XCBuildConfiguration;
			buildSettings = {
				ARCHS = "$(ARCHS_STANDARD_INCLUDING_64_BIT)";
				BUNDLE_LOADER = "$(BUILT_PRODUCTS_DIR)/amourHair.app/amourHair";
				FRAMEWORK_SEARCH_PATHS = (
					"$(SDKROOT)/Developer/Library/Frameworks",
					"$(inherited)",
					"$(DEVELOPER_FRAMEWORKS_DIR)",
				);
				GCC_PRECOMPILE_PREFIX_HEADER = YES;
				GCC_PREFIX_HEADER = "amourHair/amourHair-Prefix.pch";
				GCC_PREPROCESSOR_DEFINITIONS = (
					"DEBUG=1",
					"$(inherited)",
				);
				INFOPLIST_FILE = "amourHairTests/amourHairTests-Info.plist";
				PRODUCT_NAME = "$(TARGET_NAME)";
				TEST_HOST = "$(BUNDLE_LOADER)";
				WRAPPER_EXTENSION = xctest;
			};
			name = Debug;
		};
		9FA7FD341846E98F00A1FA9E /* Release */ = {
			isa = XCBuildConfiguration;
			buildSettings = {
				ARCHS = "$(ARCHS_STANDARD_INCLUDING_64_BIT)";
				BUNDLE_LOADER = "$(BUILT_PRODUCTS_DIR)/amourHair.app/amourHair";
				FRAMEWORK_SEARCH_PATHS = (
					"$(SDKROOT)/Developer/Library/Frameworks",
					"$(inherited)",
					"$(DEVELOPER_FRAMEWORKS_DIR)",
				);
				GCC_PRECOMPILE_PREFIX_HEADER = YES;
				GCC_PREFIX_HEADER = "amourHair/amourHair-Prefix.pch";
				INFOPLIST_FILE = "amourHairTests/amourHairTests-Info.plist";
				PRODUCT_NAME = "$(TARGET_NAME)";
				TEST_HOST = "$(BUNDLE_LOADER)";
				WRAPPER_EXTENSION = xctest;
			};
			name = Release;
		};
/* End XCBuildConfiguration section */

/* Begin XCConfigurationList section */
		9FA7FCF51846E98F00A1FA9E /* Build configuration list for PBXProject "amourHair" */ = {
			isa = XCConfigurationList;
			buildConfigurations = (
				9FA7FD2D1846E98F00A1FA9E /* Debug */,
				9FA7FD2E1846E98F00A1FA9E /* Release */,
			);
			defaultConfigurationIsVisible = 0;
			defaultConfigurationName = Release;
		};
		9FA7FD2F1846E98F00A1FA9E /* Build configuration list for PBXNativeTarget "amourHair" */ = {
			isa = XCConfigurationList;
			buildConfigurations = (
				9FA7FD301846E98F00A1FA9E /* Debug */,
				9FA7FD311846E98F00A1FA9E /* Release */,
			);
			defaultConfigurationIsVisible = 0;
		};
		9FA7FD321846E98F00A1FA9E /* Build configuration list for PBXNativeTarget "amourHairTests" */ = {
			isa = XCConfigurationList;
			buildConfigurations = (
				9FA7FD331846E98F00A1FA9E /* Debug */,
				9FA7FD341846E98F00A1FA9E /* Release */,
			);
			defaultConfigurationIsVisible = 0;
		};
/* End XCConfigurationList section */
	};
	rootObject = 9FA7FCF21846E98F00A1FA9E /* Project object */;
}
